
Microsoft Visual Studio Solution File, Format Version 12.00
# Visual Studio 2017
Project("{FAE04EC0-301F-11D3-BF4B-00C04F79EFBC}") = "Door_Project", "Door_Project.csproj", "{A480326D-1BFF-793C-2B69-8808524EAE02}"
EndProject
Project("{FAE04EC0-301F-11D3-BF4B-00C04F79EFBC}") = "Door_Project.Plugins", "Door_Project.Plugins.csproj", "{565DB14D-A2D7-CF25-4B77-3555EDE728C7}"
EndProject
Project("{FAE04EC0-301F-11D3-BF4B-00C04F79EFBC}") = "Door_Project.Editor.Plugins", "Door_Project.Editor.Plugins.csproj", "{D80F7AFC-658E-95BD-5099-F35EC2F0BFA9}"
EndProject
Global
	GlobalSection(SolutionConfigurationPlatforms) = preSolution
		Debug|Any CPU = Debug|Any CPU
		Release|Any CPU = Release|Any CPU
	EndGlobalSection
	GlobalSection(ProjectConfigurationPlatforms) = postSolution
		{A480326D-1BFF-793C-2B69-8808524EAE02}.Debug|Any CPU.ActiveCfg = Debug|Any CPU
		{A480326D-1BFF-793C-2B69-8808524EAE02}.Debug|Any CPU.Build.0 = Debug|Any CPU
		{A480326D-1BFF-793C-2B69-8808524EAE02}.Release|Any CPU.ActiveCfg = Release|Any CPU
		{A480326D-1BFF-793C-2B69-8808524EAE02}.Release|Any CPU.Build.0 = Release|Any CPU
		{565DB14D-A2D7-CF25-4B77-3555EDE728C7}.Debug|Any CPU.ActiveCfg = Debug|Any CPU
		{565DB14D-A2D7-CF25-4B77-3555EDE728C7}.Debug|Any CPU.Build.0 = Debug|Any CPU
		{565DB14D-A2D7-CF25-4B77-3555EDE728C7}.Release|Any CPU.ActiveCfg = Release|Any CPU
		{565DB14D-A2D7-CF25-4B77-3555EDE728C7}.Release|Any CPU.Build.0 = Release|Any CPU
		{D80F7AFC-658E-95BD-5099-F35EC2F0BFA9}.Debug|Any CPU.ActiveCfg = Debug|Any CPU
		{D80F7AFC-658E-95BD-5099-F35EC2F0BFA9}.Debug|Any CPU.Build.0 = Debug|Any CPU
		{D80F7AFC-658E-95BD-5099-F35EC2F0BFA9}.Release|Any CPU.ActiveCfg = Release|Any CPU
		{D80F7AFC-658E-95BD-5099-F35EC2F0BFA9}.Release|Any CPU.Build.0 = Release|Any CPU
	EndGlobalSection
	GlobalSection(SolutionProperties) = preSolution
		HideSolutionNode = FALSE
	EndGlobalSection
EndGlobal
