
Microsoft Visual Studio Solution File, Format Version 12.00
# Visual Studio 2017
Project("{FAE04EC0-301F-11D3-BF4B-00C04F79EFBC}") = "Street Scene - Down Game Lane.Plugins", "Street Scene - Down Game Lane.Plugins.csproj", "{09BD8A23-D449-EA8A-E507-23E4809E1478}"
EndProject
Project("{FAE04EC0-301F-11D3-BF4B-00C04F79EFBC}") = "Street Scene - Down Game Lane", "Street Scene - Down Game Lane.csproj", "{693E0BB7-03C8-763C-6E06-BEE340DE09F8}"
EndProject
Project("{FAE04EC0-301F-11D3-BF4B-00C04F79EFBC}") = "Street Scene - Down Game Lane.Editor.Plugins", "Street Scene - Down Game Lane.Editor.Plugins.csproj", "{62D680AB-96C3-7155-6EE5-3AE1CE9417F8}"
EndProject
Global
	GlobalSection(SolutionConfigurationPlatforms) = preSolution
		Debug|Any CPU = Debug|Any CPU
		Release|Any CPU = Release|Any CPU
	EndGlobalSection
	GlobalSection(ProjectConfigurationPlatforms) = postSolution
		{09BD8A23-D449-EA8A-E507-23E4809E1478}.Debug|Any CPU.ActiveCfg = Debug|Any CPU
		{09BD8A23-D449-EA8A-E507-23E4809E1478}.Debug|Any CPU.Build.0 = Debug|Any CPU
		{09BD8A23-D449-EA8A-E507-23E4809E1478}.Release|Any CPU.ActiveCfg = Release|Any CPU
		{09BD8A23-D449-EA8A-E507-23E4809E1478}.Release|Any CPU.Build.0 = Release|Any CPU
		{693E0BB7-03C8-763C-6E06-BEE340DE09F8}.Debug|Any CPU.ActiveCfg = Debug|Any CPU
		{693E0BB7-03C8-763C-6E06-BEE340DE09F8}.Debug|Any CPU.Build.0 = Debug|Any CPU
		{693E0BB7-03C8-763C-6E06-BEE340DE09F8}.Release|Any CPU.ActiveCfg = Release|Any CPU
		{693E0BB7-03C8-763C-6E06-BEE340DE09F8}.Release|Any CPU.Build.0 = Release|Any CPU
		{62D680AB-96C3-7155-6EE5-3AE1CE9417F8}.Debug|Any CPU.ActiveCfg = Debug|Any CPU
		{62D680AB-96C3-7155-6EE5-3AE1CE9417F8}.Debug|Any CPU.Build.0 = Debug|Any CPU
		{62D680AB-96C3-7155-6EE5-3AE1CE9417F8}.Release|Any CPU.ActiveCfg = Release|Any CPU
		{62D680AB-96C3-7155-6EE5-3AE1CE9417F8}.Release|Any CPU.Build.0 = Release|Any CPU
	EndGlobalSection
	GlobalSection(SolutionProperties) = preSolution
		HideSolutionNode = FALSE
	EndGlobalSection
EndGlobal
